
Microsoft Visual Studio Solution File, Format Version 12.00
# Visual Studio Version 16
VisualStudioVersion = 16.0.30711.63
MinimumVisualStudioVersion = 10.0.40219.1
Project("{8BC9CEB8-8B4A-11D0-8D11-00A0C91BC942}") = "lua543-dll", "lua543-dll.vcxproj", "{EB9354D3-8910-4888-B249-1A174B392FF4}"
EndProject
Global
	GlobalSection(SolutionConfigurationPlatforms) = preSolution
		Debug|x64 = Debug|x64
		Debug|x86 = Debug|x86
		Release|x64 = Release|x64
		Release|x86 = Release|x86
	EndGlobalSection
	GlobalSection(ProjectConfigurationPlatforms) = postSolution
		{EB9354D3-8910-4888-B249-1A174B392FF4}.Debug|x64.ActiveCfg = Debug|x64
		{EB9354D3-8910-4888-B249-1A174B392FF4}.Debug|x64.Build.0 = Debug|x64
		{EB9354D3-8910-4888-B249-1A174B392FF4}.Debug|x86.ActiveCfg = Debug|Win32
		{EB9354D3-8910-4888-B249-1A174B392FF4}.Debug|x86.Build.0 = Debug|Win32
		{EB9354D3-8910-4888-B249-1A174B392FF4}.Release|x64.ActiveCfg = Release|x64
		{EB9354D3-8910-4888-B249-1A174B392FF4}.Release|x64.Build.0 = Release|x64
		{EB9354D3-8910-4888-B249-1A174B392FF4}.Release|x86.ActiveCfg = Release|Win32
		{EB9354D3-8910-4888-B249-1A174B392FF4}.Release|x86.Build.0 = Release|Win32
	EndGlobalSection
	GlobalSection(SolutionProperties) = preSolution
		HideSolutionNode = FALSE
	EndGlobalSection
	GlobalSection(ExtensibilityGlobals) = postSolution
		SolutionGuid = {2CE3E97C-7094-4526-A606-B4335B0FFD1F}
	EndGlobalSection
EndGlobal
